
Microsoft Visual Studio Solution File, Format Version 12.00
Project("{FAE04EC0-301F-11D3-BF4B-00C04F79EFBC}") = "Task1", "Task1\Task1.csproj", "{6873B0F4-9E41-4EE9-9E32-20BC9E61DF18}"
EndProject
Project("{FAE04EC0-301F-11D3-BF4B-00C04F79EFBC}") = "Task2", "Task2\Task2.csproj", "{24536CB7-1CEE-40FB-B6BF-F038EEAA953F}"
EndProject
Project("{FAE04EC0-301F-11D3-BF4B-00C04F79EFBC}") = "Task 3", "Task 3\Task 3.csproj", "{3AA7B702-281D-4918-9FCB-F7EEE4558A66}"
EndProject
Project("{FAE04EC0-301F-11D3-BF4B-00C04F79EFBC}") = "Task4", "Task4\Task4.csproj", "{5C0451D5-D90B-48E0-8DBE-687A60D559EB}"
EndProject
Project("{FAE04EC0-301F-11D3-BF4B-00C04F79EFBC}") = "Task5", "Task5\Task5.csproj", "{E080ECC3-3B08-4B1A-96EC-0E1E5507C4E8}"
EndProject
Project("{FAE04EC0-301F-11D3-BF4B-00C04F79EFBC}") = "Task6", "Task6\Task6.csproj", "{A1991214-B079-4FFC-ACB2-3F11A3A278CC}"
EndProject
Global
	GlobalSection(SolutionConfigurationPlatforms) = preSolution
		Debug|Any CPU = Debug|Any CPU
		Release|Any CPU = Release|Any CPU
	EndGlobalSection
	GlobalSection(ProjectConfigurationPlatforms) = postSolution
		{6873B0F4-9E41-4EE9-9E32-20BC9E61DF18}.Debug|Any CPU.ActiveCfg = Debug|Any CPU
		{6873B0F4-9E41-4EE9-9E32-20BC9E61DF18}.Debug|Any CPU.Build.0 = Debug|Any CPU
		{6873B0F4-9E41-4EE9-9E32-20BC9E61DF18}.Release|Any CPU.ActiveCfg = Release|Any CPU
		{6873B0F4-9E41-4EE9-9E32-20BC9E61DF18}.Release|Any CPU.Build.0 = Release|Any CPU
		{24536CB7-1CEE-40FB-B6BF-F038EEAA953F}.Debug|Any CPU.ActiveCfg = Debug|Any CPU
		{24536CB7-1CEE-40FB-B6BF-F038EEAA953F}.Debug|Any CPU.Build.0 = Debug|Any CPU
		{24536CB7-1CEE-40FB-B6BF-F038EEAA953F}.Release|Any CPU.ActiveCfg = Release|Any CPU
		{24536CB7-1CEE-40FB-B6BF-F038EEAA953F}.Release|Any CPU.Build.0 = Release|Any CPU
		{3AA7B702-281D-4918-9FCB-F7EEE4558A66}.Debug|Any CPU.ActiveCfg = Debug|Any CPU
		{3AA7B702-281D-4918-9FCB-F7EEE4558A66}.Debug|Any CPU.Build.0 = Debug|Any CPU
		{3AA7B702-281D-4918-9FCB-F7EEE4558A66}.Release|Any CPU.ActiveCfg = Release|Any CPU
		{3AA7B702-281D-4918-9FCB-F7EEE4558A66}.Release|Any CPU.Build.0 = Release|Any CPU
		{5C0451D5-D90B-48E0-8DBE-687A60D559EB}.Debug|Any CPU.ActiveCfg = Debug|Any CPU
		{5C0451D5-D90B-48E0-8DBE-687A60D559EB}.Debug|Any CPU.Build.0 = Debug|Any CPU
		{5C0451D5-D90B-48E0-8DBE-687A60D559EB}.Release|Any CPU.ActiveCfg = Release|Any CPU
		{5C0451D5-D90B-48E0-8DBE-687A60D559EB}.Release|Any CPU.Build.0 = Release|Any CPU
		{E080ECC3-3B08-4B1A-96EC-0E1E5507C4E8}.Debug|Any CPU.ActiveCfg = Debug|Any CPU
		{E080ECC3-3B08-4B1A-96EC-0E1E5507C4E8}.Debug|Any CPU.Build.0 = Debug|Any CPU
		{E080ECC3-3B08-4B1A-96EC-0E1E5507C4E8}.Release|Any CPU.ActiveCfg = Release|Any CPU
		{E080ECC3-3B08-4B1A-96EC-0E1E5507C4E8}.Release|Any CPU.Build.0 = Release|Any CPU
		{A1991214-B079-4FFC-ACB2-3F11A3A278CC}.Debug|Any CPU.ActiveCfg = Debug|Any CPU
		{A1991214-B079-4FFC-ACB2-3F11A3A278CC}.Debug|Any CPU.Build.0 = Debug|Any CPU
		{A1991214-B079-4FFC-ACB2-3F11A3A278CC}.Release|Any CPU.ActiveCfg = Release|Any CPU
		{A1991214-B079-4FFC-ACB2-3F11A3A278CC}.Release|Any CPU.Build.0 = Release|Any CPU
	EndGlobalSection
EndGlobal
